{
  "name": "@astral-atlas/sesame-client",
  "version": "1.0.0",
  "lockfileVersion": 2,
  "requires": true,
  "packages": {
    "": {
      "name": "@astral-atlas/sesame-client",
      "version": "1.0.0",
      "license": "MIT",
      "dependencies": {
        "@astral-atlas/sesame-models": "^7.0.0",
        "@lukekaalim/cast": "^1.0.0",
        "@lukekaalim/test": "^8.1.0"
      },
      "peerDependencies": {
        "@lukekaalim/http-client": "^3.1.0"
      }
    },
    "node_modules/@astral-atlas/sesame-models": {
      "version": "7.0.0",
      "resolved": "https://registry.npmjs.org/@astral-atlas/sesame-models/-/sesame-models-7.0.0.tgz",
      "integrity": "sha512-8LJaB0i7REV8aVbyD5J0ytEcpdgaqPe79wMsp7x0xVdwFifsuF8wgA8gQQXV8EiYr3BvICxPEqldfUPeJucxCA==",
      "dependencies": {
        "@lukekaalim/api-models": "^3.0.2",
        "@lukekaalim/cast": "^1.1.1"
      }
    },
    "node_modules/@astral-atlas/sesame-models/node_modules/@lukekaalim/api-models": {
      "version": "3.0.2",
      "resolved": "https://registry.npmjs.org/@lukekaalim/api-models/-/api-models-3.0.2.tgz",
      "integrity": "sha512-UBy1T9v0cEM7chUlqRKeeztEYBDJtxmJ0Ymc2Rh9vjFdUsZWjiYNDN4YLNzw4CW8+ALcuktpOpHm3ribBrrrmA==",
      "dependencies": {
        "@lukekaalim/cast": "^1.0.0"
      }
    },
    "node_modules/@lukekaalim/cast": {
      "version": "1.3.1",
      "resolved": "https://registry.npmjs.org/@lukekaalim/cast/-/cast-1.3.1.tgz",
      "integrity": "sha512-CnNzyWWcWxKlNXwtIfbVt1gNK4ody79Dk4x3btcUopc/yjQnqgoU3HX3V1snRVDjCNe+4FnkNZCfV/qR5kAaUg=="
    },
    "node_modules/@lukekaalim/http-client": {
      "version": "3.1.0",
      "resolved": "https://registry.npmjs.org/@lukekaalim/http-client/-/http-client-3.1.0.tgz",
      "integrity": "sha512-d5tyC7WC24/ayblWYJ8vLePW/iTjMiwM7xWaYzyeJKC0+LNS8W2f5ARD+941Q1SmhKYAcqTiieVBDKMo5gDd9A==",
      "peer": true,
      "dependencies": {
        "@lukekaalim/api-models": "^3.0.0",
        "@lukekaalim/cast": "^1.0.0"
      }
    },
    "node_modules/@lukekaalim/http-client/node_modules/@lukekaalim/api-models": {
      "version": "3.0.2",
      "resolved": "https://registry.npmjs.org/@lukekaalim/api-models/-/api-models-3.0.2.tgz",
      "integrity": "sha512-UBy1T9v0cEM7chUlqRKeeztEYBDJtxmJ0Ymc2Rh9vjFdUsZWjiYNDN4YLNzw4CW8+ALcuktpOpHm3ribBrrrmA==",
      "peer": true,
      "dependencies": {
        "@lukekaalim/cast": "^1.0.0"
      }
    },
    "node_modules/@lukekaalim/test": {
      "version": "8.1.0",
      "resolved": "https://registry.npmjs.org/@lukekaalim/test/-/test-8.1.0.tgz",
      "integrity": "sha512-26G4bfeNKfWdLny0YS93qLZnr8hj/7Whv9oT8cizHXBPiNeBmlQJ88VliPIUxK+CCpO10hosvvBWwdJZQG9c1w=="
    }
  },
  "dependencies": {
    "@astral-atlas/sesame-models": {
      "version": "7.0.0",
      "resolved": "https://registry.npmjs.org/@astral-atlas/sesame-models/-/sesame-models-7.0.0.tgz",
      "integrity": "sha512-8LJaB0i7REV8aVbyD5J0ytEcpdgaqPe79wMsp7x0xVdwFifsuF8wgA8gQQXV8EiYr3BvICxPEqldfUPeJucxCA==",
      "requires": {
        "@lukekaalim/api-models": "^3.0.2",
        "@lukekaalim/cast": "^1.1.1"
      },
      "dependencies": {
        "@lukekaalim/api-models": {
          "version": "3.0.2",
          "resolved": "https://registry.npmjs.org/@lukekaalim/api-models/-/api-models-3.0.2.tgz",
          "integrity": "sha512-UBy1T9v0cEM7chUlqRKeeztEYBDJtxmJ0Ymc2Rh9vjFdUsZWjiYNDN4YLNzw4CW8+ALcuktpOpHm3ribBrrrmA==",
          "requires": {
            "@lukekaalim/cast": "^1.0.0"
          }
        }
      }
    },
    "@lukekaalim/cast": {
      "version": "1.3.1",
      "resolved": "https://registry.npmjs.org/@lukekaalim/cast/-/cast-1.3.1.tgz",
      "integrity": "sha512-CnNzyWWcWxKlNXwtIfbVt1gNK4ody79Dk4x3btcUopc/yjQnqgoU3HX3V1snRVDjCNe+4FnkNZCfV/qR5kAaUg=="
    },
    "@lukekaalim/http-client": {
      "version": "3.1.0",
      "resolved": "https://registry.npmjs.org/@lukekaalim/http-client/-/http-client-3.1.0.tgz",
      "integrity": "sha512-d5tyC7WC24/ayblWYJ8vLePW/iTjMiwM7xWaYzyeJKC0+LNS8W2f5ARD+941Q1SmhKYAcqTiieVBDKMo5gDd9A==",
      "peer": true,
      "requires": {
        "@lukekaalim/api-models": "^3.0.0",
        "@lukekaalim/cast": "^1.0.0"
      },
      "dependencies": {
        "@lukekaalim/api-models": {
          "version": "3.0.2",
          "resolved": "https://registry.npmjs.org/@lukekaalim/api-models/-/api-models-3.0.2.tgz",
          "integrity": "sha512-UBy1T9v0cEM7chUlqRKeeztEYBDJtxmJ0Ymc2Rh9vjFdUsZWjiYNDN4YLNzw4CW8+ALcuktpOpHm3ribBrrrmA==",
          "peer": true,
          "requires": {
            "@lukekaalim/cast": "^1.0.0"
          }
        }
      }
    },
    "@lukekaalim/test": {
      "version": "8.1.0",
      "resolved": "https://registry.npmjs.org/@lukekaalim/test/-/test-8.1.0.tgz",
      "integrity": "sha512-26G4bfeNKfWdLny0YS93qLZnr8hj/7Whv9oT8cizHXBPiNeBmlQJ88VliPIUxK+CCpO10hosvvBWwdJZQG9c1w=="
    }
  }
}
