{
  "name": "@astral-atlas/sesame-client",
  "version": "0.2.0",
  "lockfileVersion": 2,
  "requires": true,
  "packages": {
    "": {
      "name": "@astral-atlas/sesame-client",
      "version": "0.2.0",
      "license": "MIT",
      "dependencies": {
        "@astral-atlas/sesame-models": "../models",
        "@lukekaalim/api-models": "^1.0.0",
        "@lukekaalim/cast": "^1.0.0"
      },
      "peerDependencies": {
        "@lukekaalim/http-client": "^3.0.4"
      }
    },
    "../models": {
      "name": "@astral-atlas/sesame-models",
      "version": "6.1.0",
      "license": "MIT",
      "dependencies": {
        "@lukekaalim/api-models": "^3.0.2",
        "@lukekaalim/cast": "^1.0.0"
      },
      "devDependencies": {
        "@lukekaalim/test": "^8.0.2"
      }
    },
    "node_modules/@astral-atlas/sesame-models": {
      "resolved": "../models",
      "link": true
    },
    "node_modules/@lukekaalim/api-models": {
      "version": "1.0.0",
      "resolved": "https://registry.npmjs.org/@lukekaalim/api-models/-/api-models-1.0.0.tgz",
      "integrity": "sha512-HDF3GSIKA7Uclxg01KAsTgzQynam5IOHOKCuqR4WHAGAFZZ4olIqFKgKrqZ44T5becQOzkMhS+F8TQI75CkhUA==",
      "dependencies": {
        "@lukekaalim/cast": "^1.0.0",
        "@lukekaalim/model": "^2.1.1"
      }
    },
    "node_modules/@lukekaalim/cast": {
      "version": "1.0.0",
      "resolved": "https://registry.npmjs.org/@lukekaalim/cast/-/cast-1.0.0.tgz",
      "integrity": "sha512-u0G1mmMlPfYtkNfTC53DT/F4D2ABMQAHKOJ2PXnidK3mwPaouAbGp8dRQun/QaoOVF/X7dP7gsJzO2bSBruuPQ=="
    },
    "node_modules/@lukekaalim/http-client": {
      "version": "3.0.4",
      "resolved": "https://registry.npmjs.org/@lukekaalim/http-client/-/http-client-3.0.4.tgz",
      "integrity": "sha512-iLLrTCgR/0PhGzXWGVNyXrTIxGUkwKqyMKGWd0l2c8m+xOp9RX3Hxj4O6eNlyWtC0fZjcPg8Ve0YK/xC80SFvA==",
      "peer": true,
      "dependencies": {
        "@lukekaalim/api-models": "^3.0.0",
        "@lukekaalim/cast": "^1.0.0"
      }
    },
    "node_modules/@lukekaalim/http-client/node_modules/@lukekaalim/api-models": {
      "version": "3.0.2",
      "resolved": "https://registry.npmjs.org/@lukekaalim/api-models/-/api-models-3.0.2.tgz",
      "integrity": "sha512-UBy1T9v0cEM7chUlqRKeeztEYBDJtxmJ0Ymc2Rh9vjFdUsZWjiYNDN4YLNzw4CW8+ALcuktpOpHm3ribBrrrmA==",
      "peer": true,
      "dependencies": {
        "@lukekaalim/cast": "^1.0.0"
      }
    },
    "node_modules/@lukekaalim/model": {
      "version": "2.1.1",
      "resolved": "https://registry.npmjs.org/@lukekaalim/model/-/model-2.1.1.tgz",
      "integrity": "sha512-dHuqk2lmSOEmp7jW8ubwhGkwmBD5eI1rzvEXk5NkYizL++ls261QcjmYXTxPPD0ywl15xu70vpR+uSrai12+6g==",
      "dependencies": {
        "@lukekaalim/result": "^1.1.1"
      }
    },
    "node_modules/@lukekaalim/result": {
      "version": "1.1.1",
      "resolved": "https://registry.npmjs.org/@lukekaalim/result/-/result-1.1.1.tgz",
      "integrity": "sha512-+s5pierClu4IwZta8qGwCUIrcbjff40UdkSZs515aXBO+U0xf6QV+bAhS7iJzKdXXUb10OgxTgaXACb6mOwfMg=="
    }
  },
  "dependencies": {
    "@astral-atlas/sesame-models": {
      "version": "file:../models",
      "requires": {
        "@lukekaalim/api-models": "^3.0.2",
        "@lukekaalim/cast": "^1.0.0",
        "@lukekaalim/test": "^8.0.2"
      }
    },
    "@lukekaalim/api-models": {
      "version": "1.0.0",
      "resolved": "https://registry.npmjs.org/@lukekaalim/api-models/-/api-models-1.0.0.tgz",
      "integrity": "sha512-HDF3GSIKA7Uclxg01KAsTgzQynam5IOHOKCuqR4WHAGAFZZ4olIqFKgKrqZ44T5becQOzkMhS+F8TQI75CkhUA==",
      "requires": {
        "@lukekaalim/cast": "^1.0.0",
        "@lukekaalim/model": "^2.1.1"
      }
    },
    "@lukekaalim/cast": {
      "version": "1.0.0",
      "resolved": "https://registry.npmjs.org/@lukekaalim/cast/-/cast-1.0.0.tgz",
      "integrity": "sha512-u0G1mmMlPfYtkNfTC53DT/F4D2ABMQAHKOJ2PXnidK3mwPaouAbGp8dRQun/QaoOVF/X7dP7gsJzO2bSBruuPQ=="
    },
    "@lukekaalim/http-client": {
      "version": "3.0.4",
      "resolved": "https://registry.npmjs.org/@lukekaalim/http-client/-/http-client-3.0.4.tgz",
      "integrity": "sha512-iLLrTCgR/0PhGzXWGVNyXrTIxGUkwKqyMKGWd0l2c8m+xOp9RX3Hxj4O6eNlyWtC0fZjcPg8Ve0YK/xC80SFvA==",
      "peer": true,
      "requires": {
        "@lukekaalim/api-models": "^3.0.0",
        "@lukekaalim/cast": "^1.0.0"
      },
      "dependencies": {
        "@lukekaalim/api-models": {
          "version": "3.0.2",
          "resolved": "https://registry.npmjs.org/@lukekaalim/api-models/-/api-models-3.0.2.tgz",
          "integrity": "sha512-UBy1T9v0cEM7chUlqRKeeztEYBDJtxmJ0Ymc2Rh9vjFdUsZWjiYNDN4YLNzw4CW8+ALcuktpOpHm3ribBrrrmA==",
          "peer": true,
          "requires": {
            "@lukekaalim/cast": "^1.0.0"
          }
        }
      }
    },
    "@lukekaalim/model": {
      "version": "2.1.1",
      "resolved": "https://registry.npmjs.org/@lukekaalim/model/-/model-2.1.1.tgz",
      "integrity": "sha512-dHuqk2lmSOEmp7jW8ubwhGkwmBD5eI1rzvEXk5NkYizL++ls261QcjmYXTxPPD0ywl15xu70vpR+uSrai12+6g==",
      "requires": {
        "@lukekaalim/result": "^1.1.1"
      }
    },
    "@lukekaalim/result": {
      "version": "1.1.1",
      "resolved": "https://registry.npmjs.org/@lukekaalim/result/-/result-1.1.1.tgz",
      "integrity": "sha512-+s5pierClu4IwZta8qGwCUIrcbjff40UdkSZs515aXBO+U0xf6QV+bAhS7iJzKdXXUb10OgxTgaXACb6mOwfMg=="
    }
  }
}
