{
  "name": "@astral-atlas/sesame-client",
  "version": "0.1.0",
  "lockfileVersion": 2,
  "requires": true,
  "packages": {
    "": {
      "name": "@astral-atlas/sesame-client",
      "version": "0.1.0",
      "license": "MIT",
      "dependencies": {
        "@astral-atlas/sesame-models": "^5.0.0",
        "@lukekaalim/cast": "^1.0.0",
        "@lukekaalim/http-client": "^2.3.1",
        "@lukekaalim/rest-client": "^2.1.1"
      }
    },
    "node_modules/@astral-atlas/sesame-models": {
      "version": "5.0.0",
      "resolved": "https://registry.npmjs.org/@astral-atlas/sesame-models/-/sesame-models-5.0.0.tgz",
      "integrity": "sha512-8ik7X/6fzrrchtkDlfAMfNYHcZ0eSZJxzNU+H1wlzDMl/SBi8OokgUcEPuZafdX5qB8Zgtalobak7dl44dGLOw==",
      "dependencies": {
        "@lukekaalim/cast": "^1.0.0"
      }
    },
    "node_modules/@lukekaalim/cast": {
      "version": "1.0.0",
      "resolved": "https://registry.npmjs.org/@lukekaalim/cast/-/cast-1.0.0.tgz",
      "integrity": "sha512-u0G1mmMlPfYtkNfTC53DT/F4D2ABMQAHKOJ2PXnidK3mwPaouAbGp8dRQun/QaoOVF/X7dP7gsJzO2bSBruuPQ=="
    },
    "node_modules/@lukekaalim/http-client": {
      "version": "2.3.1",
      "resolved": "https://registry.npmjs.org/@lukekaalim/http-client/-/http-client-2.3.1.tgz",
      "integrity": "sha512-haHPeqFQ/MIaa9/kHqshGXqrj54YgTV3d2BsC+icua4M/EVvxHSrkRR4RcCypEFTjmp0iGmF8iAP4PxrYV0wGw=="
    },
    "node_modules/@lukekaalim/rest-client": {
      "version": "2.1.1",
      "resolved": "https://registry.npmjs.org/@lukekaalim/rest-client/-/rest-client-2.1.1.tgz",
      "integrity": "sha512-3fya1LU8+gs9KDlAPfmFhSsCtIwPH4wPiJ/iDF7wHC0QgeVcD/uG9PCG3l2vvxO3XwdhAqpFBT7FwCQ8BHgP1Q==",
      "dependencies": {
        "@lukekaalim/cast": "^1.0.0",
        "@lukekaalim/http-client": "^2.3.1"
      }
    }
  },
  "dependencies": {
    "@astral-atlas/sesame-models": {
      "version": "5.0.0",
      "resolved": "https://registry.npmjs.org/@astral-atlas/sesame-models/-/sesame-models-5.0.0.tgz",
      "integrity": "sha512-8ik7X/6fzrrchtkDlfAMfNYHcZ0eSZJxzNU+H1wlzDMl/SBi8OokgUcEPuZafdX5qB8Zgtalobak7dl44dGLOw==",
      "requires": {
        "@lukekaalim/cast": "^1.0.0"
      }
    },
    "@lukekaalim/cast": {
      "version": "1.0.0",
      "resolved": "https://registry.npmjs.org/@lukekaalim/cast/-/cast-1.0.0.tgz",
      "integrity": "sha512-u0G1mmMlPfYtkNfTC53DT/F4D2ABMQAHKOJ2PXnidK3mwPaouAbGp8dRQun/QaoOVF/X7dP7gsJzO2bSBruuPQ=="
    },
    "@lukekaalim/http-client": {
      "version": "2.3.1",
      "resolved": "https://registry.npmjs.org/@lukekaalim/http-client/-/http-client-2.3.1.tgz",
      "integrity": "sha512-haHPeqFQ/MIaa9/kHqshGXqrj54YgTV3d2BsC+icua4M/EVvxHSrkRR4RcCypEFTjmp0iGmF8iAP4PxrYV0wGw=="
    },
    "@lukekaalim/rest-client": {
      "version": "2.1.1",
      "resolved": "https://registry.npmjs.org/@lukekaalim/rest-client/-/rest-client-2.1.1.tgz",
      "integrity": "sha512-3fya1LU8+gs9KDlAPfmFhSsCtIwPH4wPiJ/iDF7wHC0QgeVcD/uG9PCG3l2vvxO3XwdhAqpFBT7FwCQ8BHgP1Q==",
      "requires": {
        "@lukekaalim/cast": "^1.0.0",
        "@lukekaalim/http-client": "^2.3.1"
      }
    }
  }
}
