{
  "name": "@lukekaalim/api-models",
  "version": "3.0.0",
  "lockfileVersion": 2,
  "requires": true,
  "packages": {
    "": {
      "name": "@lukekaalim/api-models",
      "version": "3.0.0",
      "license": "MIT",
      "dependencies": {
        "@lukekaalim/cast": "^1.0.0",
        "@lukekaalim/http-client": "^2.5.0",
        "@lukekaalim/model": "^2.1.1",
        "@lukekaalim/server": "^9.0.0"
      }
    },
    "node_modules/@lukekaalim/cast": {
      "version": "1.0.0",
      "resolved": "https://registry.npmjs.org/@lukekaalim/cast/-/cast-1.0.0.tgz",
      "integrity": "sha512-u0G1mmMlPfYtkNfTC53DT/F4D2ABMQAHKOJ2PXnidK3mwPaouAbGp8dRQun/QaoOVF/X7dP7gsJzO2bSBruuPQ=="
    },
    "node_modules/@lukekaalim/http-client": {
      "version": "2.5.0",
      "resolved": "https://registry.npmjs.org/@lukekaalim/http-client/-/http-client-2.5.0.tgz",
      "integrity": "sha512-57x3nUOgUWoCZ9aiHrpnMK0ZIyRKpJXkKq9/ptzGhmQOaa1gFJhiLA6Y47njFJzvH0IpZ5alI30AUYDXjf2PBg==",
      "dependencies": {
        "@lukekaalim/cast": "^1.0.0"
      }
    },
    "node_modules/@lukekaalim/model": {
      "version": "2.1.1",
      "resolved": "https://registry.npmjs.org/@lukekaalim/model/-/model-2.1.1.tgz",
      "integrity": "sha512-dHuqk2lmSOEmp7jW8ubwhGkwmBD5eI1rzvEXk5NkYizL++ls261QcjmYXTxPPD0ywl15xu70vpR+uSrai12+6g==",
      "dependencies": {
        "@lukekaalim/result": "^1.1.1"
      }
    },
    "node_modules/@lukekaalim/result": {
      "version": "1.1.1",
      "resolved": "https://registry.npmjs.org/@lukekaalim/result/-/result-1.1.1.tgz",
      "integrity": "sha512-+s5pierClu4IwZta8qGwCUIrcbjff40UdkSZs515aXBO+U0xf6QV+bAhS7iJzKdXXUb10OgxTgaXACb6mOwfMg=="
    },
    "node_modules/@lukekaalim/server": {
      "version": "9.0.0",
      "resolved": "https://registry.npmjs.org/@lukekaalim/server/-/server-9.0.0.tgz",
      "integrity": "sha512-FdIVR7oUtvfehBPuGBxZ4VKpUAqg6DW83fwS1Eu0HFh4Biln3Nfsie4txgX0H8FUgTwEojdcphy6QKhqi43lAg=="
    }
  },
  "dependencies": {
    "@lukekaalim/cast": {
      "version": "1.0.0",
      "resolved": "https://registry.npmjs.org/@lukekaalim/cast/-/cast-1.0.0.tgz",
      "integrity": "sha512-u0G1mmMlPfYtkNfTC53DT/F4D2ABMQAHKOJ2PXnidK3mwPaouAbGp8dRQun/QaoOVF/X7dP7gsJzO2bSBruuPQ=="
    },
    "@lukekaalim/http-client": {
      "version": "2.5.0",
      "resolved": "https://registry.npmjs.org/@lukekaalim/http-client/-/http-client-2.5.0.tgz",
      "integrity": "sha512-57x3nUOgUWoCZ9aiHrpnMK0ZIyRKpJXkKq9/ptzGhmQOaa1gFJhiLA6Y47njFJzvH0IpZ5alI30AUYDXjf2PBg==",
      "requires": {
        "@lukekaalim/cast": "^1.0.0"
      }
    },
    "@lukekaalim/model": {
      "version": "2.1.1",
      "resolved": "https://registry.npmjs.org/@lukekaalim/model/-/model-2.1.1.tgz",
      "integrity": "sha512-dHuqk2lmSOEmp7jW8ubwhGkwmBD5eI1rzvEXk5NkYizL++ls261QcjmYXTxPPD0ywl15xu70vpR+uSrai12+6g==",
      "requires": {
        "@lukekaalim/result": "^1.1.1"
      }
    },
    "@lukekaalim/result": {
      "version": "1.1.1",
      "resolved": "https://registry.npmjs.org/@lukekaalim/result/-/result-1.1.1.tgz",
      "integrity": "sha512-+s5pierClu4IwZta8qGwCUIrcbjff40UdkSZs515aXBO+U0xf6QV+bAhS7iJzKdXXUb10OgxTgaXACb6mOwfMg=="
    },
    "@lukekaalim/server": {
      "version": "9.0.0",
      "resolved": "https://registry.npmjs.org/@lukekaalim/server/-/server-9.0.0.tgz",
      "integrity": "sha512-FdIVR7oUtvfehBPuGBxZ4VKpUAqg6DW83fwS1Eu0HFh4Biln3Nfsie4txgX0H8FUgTwEojdcphy6QKhqi43lAg=="
    }
  }
}
