{
  "name": "@lukekaalim/api-models",
  "version": "3.0.2",
  "lockfileVersion": 2,
  "requires": true,
  "packages": {
    "": {
      "name": "@lukekaalim/api-models",
      "version": "3.0.2",
      "license": "MIT",
      "dependencies": {
        "@lukekaalim/cast": "^1.0.0"
      }
    },
    "node_modules/@lukekaalim/cast": {
      "version": "1.0.0",
      "resolved": "https://registry.npmjs.org/@lukekaalim/cast/-/cast-1.0.0.tgz",
      "integrity": "sha512-u0G1mmMlPfYtkNfTC53DT/F4D2ABMQAHKOJ2PXnidK3mwPaouAbGp8dRQun/QaoOVF/X7dP7gsJzO2bSBruuPQ=="
    }
  },
  "dependencies": {
    "@lukekaalim/cast": {
      "version": "1.0.0",
      "resolved": "https://registry.npmjs.org/@lukekaalim/cast/-/cast-1.0.0.tgz",
      "integrity": "sha512-u0G1mmMlPfYtkNfTC53DT/F4D2ABMQAHKOJ2PXnidK3mwPaouAbGp8dRQun/QaoOVF/X7dP7gsJzO2bSBruuPQ=="
    }
  }
}
