{
  "name": "example",
  "version": "1.0.0",
  "lockfileVersion": 2,
  "requires": true,
  "packages": {
    "": {
      "dependencies": {
        "@astral-atlas/sesame-components": "file:..",
        "preact": "^10.5.13"
      },
      "devDependencies": {}
    },
    "..": {
      "name": "@astral-atlas/sesame-components",
      "version": "1.1.1",
      "license": "MIT",
      "dependencies": {
        "@astral-atlas/sesame-models": "^7.1.0"
      },
      "peerDependencies": {
        "preact": "^10.5.13"
      }
    },
    "node_modules/@astral-atlas/sesame-components": {
      "resolved": "..",
      "link": true
    },
    "node_modules/preact": {
      "version": "10.5.13",
      "resolved": "https://registry.npmjs.org/preact/-/preact-10.5.13.tgz",
      "integrity": "sha512-q/vlKIGNwzTLu+jCcvywgGrt+H/1P/oIRSD6mV4ln3hmlC+Aa34C7yfPI4+5bzW8pONyVXYS7SvXosy2dKKtWQ==",
      "funding": {
        "type": "opencollective",
        "url": "https://opencollective.com/preact"
      }
    }
  },
  "dependencies": {
    "@astral-atlas/sesame-components": {
      "version": "file:..",
      "requires": {
        "@astral-atlas/sesame-models": "^7.1.0"
      }
    },
    "preact": {
      "version": "10.5.13",
      "resolved": "https://registry.npmjs.org/preact/-/preact-10.5.13.tgz",
      "integrity": "sha512-q/vlKIGNwzTLu+jCcvywgGrt+H/1P/oIRSD6mV4ln3hmlC+Aa34C7yfPI4+5bzW8pONyVXYS7SvXosy2dKKtWQ=="
    }
  }
}
