{
  "name": "@astral-atlas/sesame-api",
  "version": "1.3.0",
  "lockfileVersion": 2,
  "requires": true,
  "packages": {
    "": {
      "name": "@astral-atlas/sesame-api",
      "version": "1.3.0",
      "license": "MIT",
      "dependencies": {
        "@astral-atlas/sesame-models": "^7.1.0",
        "@lukekaalim/cast": "^1.2.0",
        "@lukekaalim/server": "^9.4.1",
        "crypto-random-string": "^3.3.0",
        "uuid": "^8.3.2"
      }
    },
    "node_modules/@astral-atlas/sesame-models": {
      "version": "7.1.0",
      "resolved": "https://registry.npmjs.org/@astral-atlas/sesame-models/-/sesame-models-7.1.0.tgz",
      "integrity": "sha512-OREUaEMGlRS2J7KyMMrhtp3zHIAZPC/QJxVtciL50bCMdnjbL+NVP//tZnZHGVZqeKsZfjGcvxV68FntiwEwHA==",
      "dependencies": {
        "@lukekaalim/api-models": "^3.0.2",
        "@lukekaalim/cast": "^1.3.1"
      }
    },
    "node_modules/@lukekaalim/api-models": {
      "version": "3.0.2",
      "resolved": "https://registry.npmjs.org/@lukekaalim/api-models/-/api-models-3.0.2.tgz",
      "integrity": "sha512-UBy1T9v0cEM7chUlqRKeeztEYBDJtxmJ0Ymc2Rh9vjFdUsZWjiYNDN4YLNzw4CW8+ALcuktpOpHm3ribBrrrmA==",
      "dependencies": {
        "@lukekaalim/cast": "^1.0.0"
      }
    },
    "node_modules/@lukekaalim/cast": {
      "version": "1.3.1",
      "resolved": "https://registry.npmjs.org/@lukekaalim/cast/-/cast-1.3.1.tgz",
      "integrity": "sha512-CnNzyWWcWxKlNXwtIfbVt1gNK4ody79Dk4x3btcUopc/yjQnqgoU3HX3V1snRVDjCNe+4FnkNZCfV/qR5kAaUg=="
    },
    "node_modules/@lukekaalim/server": {
      "version": "9.4.1",
      "resolved": "https://registry.npmjs.org/@lukekaalim/server/-/server-9.4.1.tgz",
      "integrity": "sha512-Cc3m63dXCI4zVxeHvsQyGgEMtaFbRzn84EA/bUqEg17FXs5SN/otSPhtHFK+PdjK0UhI1JnZ5KpPnzXvKJNF5Q==",
      "dependencies": {
        "@lukekaalim/api-models": "^3.0.2",
        "@lukekaalim/cast": "^1.0.0"
      }
    },
    "node_modules/crypto-random-string": {
      "version": "3.3.1",
      "resolved": "https://registry.npmjs.org/crypto-random-string/-/crypto-random-string-3.3.1.tgz",
      "integrity": "sha512-5j88ECEn6h17UePrLi6pn1JcLtAiANa3KExyr9y9Z5vo2mv56Gh3I4Aja/B9P9uyMwyxNHAHWv+nE72f30T5Dg==",
      "dependencies": {
        "type-fest": "^0.8.1"
      },
      "engines": {
        "node": ">=8"
      }
    },
    "node_modules/type-fest": {
      "version": "0.8.1",
      "resolved": "https://registry.npmjs.org/type-fest/-/type-fest-0.8.1.tgz",
      "integrity": "sha512-4dbzIzqvjtgiM5rw1k5rEHtBANKmdudhGyBEajN01fEyhaAIhsoKNy6y7+IN93IfpFtwY9iqi7kD+xwKhQsNJA==",
      "engines": {
        "node": ">=8"
      }
    },
    "node_modules/uuid": {
      "version": "8.3.2",
      "resolved": "https://registry.npmjs.org/uuid/-/uuid-8.3.2.tgz",
      "integrity": "sha512-+NYs2QeMWy+GWFOEm9xnn6HCDp0l7QBD7ml8zLUmJ+93Q5NF0NocErnwkTkXVFNiX3/fpC6afS8Dhb/gz7R7eg==",
      "bin": {
        "uuid": "dist/bin/uuid"
      }
    }
  },
  "dependencies": {
    "@astral-atlas/sesame-models": {
      "version": "7.1.0",
      "resolved": "https://registry.npmjs.org/@astral-atlas/sesame-models/-/sesame-models-7.1.0.tgz",
      "integrity": "sha512-OREUaEMGlRS2J7KyMMrhtp3zHIAZPC/QJxVtciL50bCMdnjbL+NVP//tZnZHGVZqeKsZfjGcvxV68FntiwEwHA==",
      "requires": {
        "@lukekaalim/api-models": "^3.0.2",
        "@lukekaalim/cast": "^1.3.1"
      }
    },
    "@lukekaalim/api-models": {
      "version": "3.0.2",
      "resolved": "https://registry.npmjs.org/@lukekaalim/api-models/-/api-models-3.0.2.tgz",
      "integrity": "sha512-UBy1T9v0cEM7chUlqRKeeztEYBDJtxmJ0Ymc2Rh9vjFdUsZWjiYNDN4YLNzw4CW8+ALcuktpOpHm3ribBrrrmA==",
      "requires": {
        "@lukekaalim/cast": "^1.0.0"
      }
    },
    "@lukekaalim/cast": {
      "version": "1.3.1",
      "resolved": "https://registry.npmjs.org/@lukekaalim/cast/-/cast-1.3.1.tgz",
      "integrity": "sha512-CnNzyWWcWxKlNXwtIfbVt1gNK4ody79Dk4x3btcUopc/yjQnqgoU3HX3V1snRVDjCNe+4FnkNZCfV/qR5kAaUg=="
    },
    "@lukekaalim/server": {
      "version": "9.4.1",
      "resolved": "https://registry.npmjs.org/@lukekaalim/server/-/server-9.4.1.tgz",
      "integrity": "sha512-Cc3m63dXCI4zVxeHvsQyGgEMtaFbRzn84EA/bUqEg17FXs5SN/otSPhtHFK+PdjK0UhI1JnZ5KpPnzXvKJNF5Q==",
      "requires": {
        "@lukekaalim/api-models": "^3.0.2",
        "@lukekaalim/cast": "^1.0.0"
      }
    },
    "crypto-random-string": {
      "version": "3.3.1",
      "resolved": "https://registry.npmjs.org/crypto-random-string/-/crypto-random-string-3.3.1.tgz",
      "integrity": "sha512-5j88ECEn6h17UePrLi6pn1JcLtAiANa3KExyr9y9Z5vo2mv56Gh3I4Aja/B9P9uyMwyxNHAHWv+nE72f30T5Dg==",
      "requires": {
        "type-fest": "^0.8.1"
      }
    },
    "type-fest": {
      "version": "0.8.1",
      "resolved": "https://registry.npmjs.org/type-fest/-/type-fest-0.8.1.tgz",
      "integrity": "sha512-4dbzIzqvjtgiM5rw1k5rEHtBANKmdudhGyBEajN01fEyhaAIhsoKNy6y7+IN93IfpFtwY9iqi7kD+xwKhQsNJA=="
    },
    "uuid": {
      "version": "8.3.2",
      "resolved": "https://registry.npmjs.org/uuid/-/uuid-8.3.2.tgz",
      "integrity": "sha512-+NYs2QeMWy+GWFOEm9xnn6HCDp0l7QBD7ml8zLUmJ+93Q5NF0NocErnwkTkXVFNiX3/fpC6afS8Dhb/gz7R7eg=="
    }
  }
}
