{
  "name": "@astral-atlas/sesame-api",
  "version": "1.1.1",
  "lockfileVersion": 2,
  "requires": true,
  "packages": {
    "": {
      "name": "@astral-atlas/sesame-api",
      "version": "1.1.1",
      "license": "MIT",
      "dependencies": {
        "@astral-atlas/sesame-models": "../models",
        "@lukekaalim/cast": "^1.2.0",
        "@lukekaalim/server": "^9.2.0",
        "crypto-random-string": "^3.3.0",
        "uuid": "^8.3.2"
      }
    },
    "../models": {
      "name": "@astral-atlas/sesame-models",
      "version": "6.1.0",
      "license": "MIT",
      "dependencies": {
        "@lukekaalim/api-models": "^3.0.2",
        "@lukekaalim/cast": "^1.1.1"
      },
      "devDependencies": {
        "@lukekaalim/test": "^8.0.2"
      }
    },
    "node_modules/@astral-atlas/sesame-models": {
      "resolved": "../models",
      "link": true
    },
    "node_modules/@lukekaalim/api-models": {
      "version": "3.0.2",
      "resolved": "https://registry.npmjs.org/@lukekaalim/api-models/-/api-models-3.0.2.tgz",
      "integrity": "sha512-UBy1T9v0cEM7chUlqRKeeztEYBDJtxmJ0Ymc2Rh9vjFdUsZWjiYNDN4YLNzw4CW8+ALcuktpOpHm3ribBrrrmA==",
      "dependencies": {
        "@lukekaalim/cast": "^1.0.0"
      }
    },
    "node_modules/@lukekaalim/cast": {
      "version": "1.2.0",
      "resolved": "https://registry.npmjs.org/@lukekaalim/cast/-/cast-1.2.0.tgz",
      "integrity": "sha512-Edjw1O2Ka09MvKxiDwqHgnGwCUkDtx1B5kzEkN4EEQ0Kl2j9haKBEMW5rMAumkI6saRKH5qGI8rQcBjl50OfJA=="
    },
    "node_modules/@lukekaalim/server": {
      "version": "9.2.0",
      "resolved": "https://registry.npmjs.org/@lukekaalim/server/-/server-9.2.0.tgz",
      "integrity": "sha512-m7iRe3szIOKnXeB9egp7w9fLR1posf9dddjKrpCn/6/fVBQefEAkvvH0ps7sLuZ3d9v0O2HKdkx/fDzyBs5gSg==",
      "dependencies": {
        "@lukekaalim/api-models": "^3.0.2",
        "@lukekaalim/cast": "^1.0.0"
      }
    },
    "node_modules/crypto-random-string": {
      "version": "3.3.1",
      "resolved": "https://registry.npmjs.org/crypto-random-string/-/crypto-random-string-3.3.1.tgz",
      "integrity": "sha512-5j88ECEn6h17UePrLi6pn1JcLtAiANa3KExyr9y9Z5vo2mv56Gh3I4Aja/B9P9uyMwyxNHAHWv+nE72f30T5Dg==",
      "dependencies": {
        "type-fest": "^0.8.1"
      },
      "engines": {
        "node": ">=8"
      }
    },
    "node_modules/type-fest": {
      "version": "0.8.1",
      "resolved": "https://registry.npmjs.org/type-fest/-/type-fest-0.8.1.tgz",
      "integrity": "sha512-4dbzIzqvjtgiM5rw1k5rEHtBANKmdudhGyBEajN01fEyhaAIhsoKNy6y7+IN93IfpFtwY9iqi7kD+xwKhQsNJA==",
      "engines": {
        "node": ">=8"
      }
    },
    "node_modules/uuid": {
      "version": "8.3.2",
      "resolved": "https://registry.npmjs.org/uuid/-/uuid-8.3.2.tgz",
      "integrity": "sha512-+NYs2QeMWy+GWFOEm9xnn6HCDp0l7QBD7ml8zLUmJ+93Q5NF0NocErnwkTkXVFNiX3/fpC6afS8Dhb/gz7R7eg==",
      "bin": {
        "uuid": "dist/bin/uuid"
      }
    }
  },
  "dependencies": {
    "@astral-atlas/sesame-models": {
      "version": "file:../models",
      "requires": {
        "@lukekaalim/api-models": "^3.0.2",
        "@lukekaalim/cast": "^1.1.1",
        "@lukekaalim/test": "^8.0.2"
      }
    },
    "@lukekaalim/api-models": {
      "version": "3.0.2",
      "resolved": "https://registry.npmjs.org/@lukekaalim/api-models/-/api-models-3.0.2.tgz",
      "integrity": "sha512-UBy1T9v0cEM7chUlqRKeeztEYBDJtxmJ0Ymc2Rh9vjFdUsZWjiYNDN4YLNzw4CW8+ALcuktpOpHm3ribBrrrmA==",
      "requires": {
        "@lukekaalim/cast": "^1.0.0"
      }
    },
    "@lukekaalim/cast": {
      "version": "1.2.0",
      "resolved": "https://registry.npmjs.org/@lukekaalim/cast/-/cast-1.2.0.tgz",
      "integrity": "sha512-Edjw1O2Ka09MvKxiDwqHgnGwCUkDtx1B5kzEkN4EEQ0Kl2j9haKBEMW5rMAumkI6saRKH5qGI8rQcBjl50OfJA=="
    },
    "@lukekaalim/server": {
      "version": "9.2.0",
      "resolved": "https://registry.npmjs.org/@lukekaalim/server/-/server-9.2.0.tgz",
      "integrity": "sha512-m7iRe3szIOKnXeB9egp7w9fLR1posf9dddjKrpCn/6/fVBQefEAkvvH0ps7sLuZ3d9v0O2HKdkx/fDzyBs5gSg==",
      "requires": {
        "@lukekaalim/api-models": "^3.0.2",
        "@lukekaalim/cast": "^1.0.0"
      }
    },
    "crypto-random-string": {
      "version": "3.3.1",
      "resolved": "https://registry.npmjs.org/crypto-random-string/-/crypto-random-string-3.3.1.tgz",
      "integrity": "sha512-5j88ECEn6h17UePrLi6pn1JcLtAiANa3KExyr9y9Z5vo2mv56Gh3I4Aja/B9P9uyMwyxNHAHWv+nE72f30T5Dg==",
      "requires": {
        "type-fest": "^0.8.1"
      }
    },
    "type-fest": {
      "version": "0.8.1",
      "resolved": "https://registry.npmjs.org/type-fest/-/type-fest-0.8.1.tgz",
      "integrity": "sha512-4dbzIzqvjtgiM5rw1k5rEHtBANKmdudhGyBEajN01fEyhaAIhsoKNy6y7+IN93IfpFtwY9iqi7kD+xwKhQsNJA=="
    },
    "uuid": {
      "version": "8.3.2",
      "resolved": "https://registry.npmjs.org/uuid/-/uuid-8.3.2.tgz",
      "integrity": "sha512-+NYs2QeMWy+GWFOEm9xnn6HCDp0l7QBD7ml8zLUmJ+93Q5NF0NocErnwkTkXVFNiX3/fpC6afS8Dhb/gz7R7eg=="
    }
  }
}
