{
  "name": "@astral-atlas/sesame-models",
  "version": "6.0.0",
  "lockfileVersion": 2,
  "requires": true,
  "packages": {
    "": {
      "name": "@astral-atlas/sesame-models",
      "version": "6.0.0",
      "license": "MIT",
      "dependencies": {
        "@lukekaalim/api-models": "^2.2.0",
        "@lukekaalim/cast": "^1.0.0"
      },
      "devDependencies": {
        "@lukekaalim/test": "^8.0.2"
      }
    },
    "node_modules/@lukekaalim/api-models": {
      "version": "2.2.0",
      "resolved": "https://registry.npmjs.org/@lukekaalim/api-models/-/api-models-2.2.0.tgz",
      "integrity": "sha512-k3RiknT8yuo371YwsjWdi2xswgQycXTNXuPaiTciSHFhtW5Vxeki7JD5RIaOFwpnpMjc6g4WTD9dG69flOs5eg==",
      "dependencies": {
        "@lukekaalim/cast": "^1.0.0",
        "@lukekaalim/model": "^2.1.1"
      }
    },
    "node_modules/@lukekaalim/cast": {
      "version": "1.0.0",
      "resolved": "https://registry.npmjs.org/@lukekaalim/cast/-/cast-1.0.0.tgz",
      "integrity": "sha512-u0G1mmMlPfYtkNfTC53DT/F4D2ABMQAHKOJ2PXnidK3mwPaouAbGp8dRQun/QaoOVF/X7dP7gsJzO2bSBruuPQ=="
    },
    "node_modules/@lukekaalim/model": {
      "version": "2.1.1",
      "resolved": "https://registry.npmjs.org/@lukekaalim/model/-/model-2.1.1.tgz",
      "integrity": "sha512-dHuqk2lmSOEmp7jW8ubwhGkwmBD5eI1rzvEXk5NkYizL++ls261QcjmYXTxPPD0ywl15xu70vpR+uSrai12+6g==",
      "dependencies": {
        "@lukekaalim/result": "^1.1.1"
      }
    },
    "node_modules/@lukekaalim/result": {
      "version": "1.1.1",
      "resolved": "https://registry.npmjs.org/@lukekaalim/result/-/result-1.1.1.tgz",
      "integrity": "sha512-+s5pierClu4IwZta8qGwCUIrcbjff40UdkSZs515aXBO+U0xf6QV+bAhS7iJzKdXXUb10OgxTgaXACb6mOwfMg=="
    },
    "node_modules/@lukekaalim/test": {
      "version": "8.0.2",
      "resolved": "https://registry.npmjs.org/@lukekaalim/test/-/test-8.0.2.tgz",
      "integrity": "sha512-/1MbVJTVHTKlJkfegkDC07hFftZ8Cimuz1jJm8S+zteuOGU5PGuuz7FxxAH5Byg+6hXIHogIti+o+xYua0Fg0Q==",
      "dev": true
    }
  },
  "dependencies": {
    "@lukekaalim/api-models": {
      "version": "2.2.0",
      "resolved": "https://registry.npmjs.org/@lukekaalim/api-models/-/api-models-2.2.0.tgz",
      "integrity": "sha512-k3RiknT8yuo371YwsjWdi2xswgQycXTNXuPaiTciSHFhtW5Vxeki7JD5RIaOFwpnpMjc6g4WTD9dG69flOs5eg==",
      "requires": {
        "@lukekaalim/cast": "^1.0.0",
        "@lukekaalim/model": "^2.1.1"
      }
    },
    "@lukekaalim/cast": {
      "version": "1.0.0",
      "resolved": "https://registry.npmjs.org/@lukekaalim/cast/-/cast-1.0.0.tgz",
      "integrity": "sha512-u0G1mmMlPfYtkNfTC53DT/F4D2ABMQAHKOJ2PXnidK3mwPaouAbGp8dRQun/QaoOVF/X7dP7gsJzO2bSBruuPQ=="
    },
    "@lukekaalim/model": {
      "version": "2.1.1",
      "resolved": "https://registry.npmjs.org/@lukekaalim/model/-/model-2.1.1.tgz",
      "integrity": "sha512-dHuqk2lmSOEmp7jW8ubwhGkwmBD5eI1rzvEXk5NkYizL++ls261QcjmYXTxPPD0ywl15xu70vpR+uSrai12+6g==",
      "requires": {
        "@lukekaalim/result": "^1.1.1"
      }
    },
    "@lukekaalim/result": {
      "version": "1.1.1",
      "resolved": "https://registry.npmjs.org/@lukekaalim/result/-/result-1.1.1.tgz",
      "integrity": "sha512-+s5pierClu4IwZta8qGwCUIrcbjff40UdkSZs515aXBO+U0xf6QV+bAhS7iJzKdXXUb10OgxTgaXACb6mOwfMg=="
    },
    "@lukekaalim/test": {
      "version": "8.0.2",
      "resolved": "https://registry.npmjs.org/@lukekaalim/test/-/test-8.0.2.tgz",
      "integrity": "sha512-/1MbVJTVHTKlJkfegkDC07hFftZ8Cimuz1jJm8S+zteuOGU5PGuuz7FxxAH5Byg+6hXIHogIti+o+xYua0Fg0Q==",
      "dev": true
    }
  }
}
